
Microsoft Visual Studio Solution File, Format Version 11.00
# Visual Studio 2010
Project("{FAE04EC0-301F-11D3-BF4B-00C04F79EFBC}") = "MVCSeguranca.Ed109.Entidade", "MVCSeguranca.Ed109.Entidade.csproj", "{023986C2-DD79-4D07-B193-2FD534F72D72}"
EndProject
Project("{FAE04EC0-301F-11D3-BF4B-00C04F79EFBC}") = "MVCSeguranca.Ed109.DAL", "..\MVCSeguranca.Ed109.DAL\MVCSeguranca.Ed109.DAL.csproj", "{BFF0879B-D9D2-4DD7-A94E-C44E6CA48B88}"
EndProject
Project("{FAE04EC0-301F-11D3-BF4B-00C04F79EFBC}") = "MVCSeguranca.Ed109.Generic", "..\MVCSeguranca.Ed109.Generic\MVCSeguranca.Ed109.Generic.csproj", "{59B95990-D508-48D8-93A3-9EDE1486AFB8}"
EndProject
Project("{FAE04EC0-301F-11D3-BF4B-00C04F79EFBC}") = "MVCSeguranca.Ed109.DTO", "..\MVCSeguranca.Ed109.DTO\MVCSeguranca.Ed109.DTO.csproj", "{C6557421-7A81-44FC-A540-59E5CA4D3CFA}"
EndProject
Project("{FAE04EC0-301F-11D3-BF4B-00C04F79EFBC}") = "MVCSeguranca.Ed109.Negocio", "..\MVCSeguranca.Ed109.Negocio\MVCSeguranca.Ed109.Negocio.csproj", "{5B6EA4BA-FD75-4CF0-BE3D-E3B63297D643}"
EndProject
Project("{FAE04EC0-301F-11D3-BF4B-00C04F79EFBC}") = "MVCSeguranca.Ed109.Testes", "..\MVCSeguranca.Ed109.Testes\MVCSeguranca.Ed109.Testes.csproj", "{7FDDA3F7-0261-43DE-A8D6-3AE62C7D1943}"
EndProject
Project("{FAE04EC0-301F-11D3-BF4B-00C04F79EFBC}") = "MVCSegurancaSite1", "..\MVCSegurancaSite1\MVCSegurancaSite1.csproj", "{C5208BE5-0EA4-4232-9752-FBE9CE1393CE}"
EndProject
Project("{FAE04EC0-301F-11D3-BF4B-00C04F79EFBC}") = "MVCSeguranca.Ed109.NH.DAL", "..\MVCSeguranca.Ed109.NH.DAL\MVCSeguranca.Ed109.NH.DAL.csproj", "{464A2376-A208-41B8-A564-5D9A900D8EDB}"
EndProject
Project("{FAE04EC0-301F-11D3-BF4B-00C04F79EFBC}") = "MVCSeguranca.Ed109.DI.Spring", "..\MVCSeguranca.Ed109.DI.Spring\MVCSeguranca.Ed109.DI.Spring.csproj", "{34968C5C-28D6-4D10-A0C9-3C7E27C8EA1E}"
EndProject
Project("{FAE04EC0-301F-11D3-BF4B-00C04F79EFBC}") = "MVCSegurancaSite2", "..\MVCSegurancaSite2\MVCSegurancaSite2.csproj", "{F99E7458-6475-4D5F-83A9-8F4D99E2D514}"
EndProject
Global
	GlobalSection(SolutionConfigurationPlatforms) = preSolution
		Debug|Any CPU = Debug|Any CPU
		Release|Any CPU = Release|Any CPU
	EndGlobalSection
	GlobalSection(ProjectConfigurationPlatforms) = postSolution
		{023986C2-DD79-4D07-B193-2FD534F72D72}.Debug|Any CPU.ActiveCfg = Debug|Any CPU
		{023986C2-DD79-4D07-B193-2FD534F72D72}.Debug|Any CPU.Build.0 = Debug|Any CPU
		{023986C2-DD79-4D07-B193-2FD534F72D72}.Release|Any CPU.ActiveCfg = Release|Any CPU
		{023986C2-DD79-4D07-B193-2FD534F72D72}.Release|Any CPU.Build.0 = Release|Any CPU
		{BFF0879B-D9D2-4DD7-A94E-C44E6CA48B88}.Debug|Any CPU.ActiveCfg = Debug|Any CPU
		{BFF0879B-D9D2-4DD7-A94E-C44E6CA48B88}.Debug|Any CPU.Build.0 = Debug|Any CPU
		{BFF0879B-D9D2-4DD7-A94E-C44E6CA48B88}.Release|Any CPU.ActiveCfg = Release|Any CPU
		{BFF0879B-D9D2-4DD7-A94E-C44E6CA48B88}.Release|Any CPU.Build.0 = Release|Any CPU
		{59B95990-D508-48D8-93A3-9EDE1486AFB8}.Debug|Any CPU.ActiveCfg = Debug|Any CPU
		{59B95990-D508-48D8-93A3-9EDE1486AFB8}.Debug|Any CPU.Build.0 = Debug|Any CPU
		{59B95990-D508-48D8-93A3-9EDE1486AFB8}.Release|Any CPU.ActiveCfg = Release|Any CPU
		{59B95990-D508-48D8-93A3-9EDE1486AFB8}.Release|Any CPU.Build.0 = Release|Any CPU
		{C6557421-7A81-44FC-A540-59E5CA4D3CFA}.Debug|Any CPU.ActiveCfg = Debug|Any CPU
		{C6557421-7A81-44FC-A540-59E5CA4D3CFA}.Debug|Any CPU.Build.0 = Debug|Any CPU
		{C6557421-7A81-44FC-A540-59E5CA4D3CFA}.Release|Any CPU.ActiveCfg = Release|Any CPU
		{C6557421-7A81-44FC-A540-59E5CA4D3CFA}.Release|Any CPU.Build.0 = Release|Any CPU
		{5B6EA4BA-FD75-4CF0-BE3D-E3B63297D643}.Debug|Any CPU.ActiveCfg = Debug|Any CPU
		{5B6EA4BA-FD75-4CF0-BE3D-E3B63297D643}.Debug|Any CPU.Build.0 = Debug|Any CPU
		{5B6EA4BA-FD75-4CF0-BE3D-E3B63297D643}.Release|Any CPU.ActiveCfg = Release|Any CPU
		{5B6EA4BA-FD75-4CF0-BE3D-E3B63297D643}.Release|Any CPU.Build.0 = Release|Any CPU
		{7FDDA3F7-0261-43DE-A8D6-3AE62C7D1943}.Debug|Any CPU.ActiveCfg = Debug|Any CPU
		{7FDDA3F7-0261-43DE-A8D6-3AE62C7D1943}.Debug|Any CPU.Build.0 = Debug|Any CPU
		{7FDDA3F7-0261-43DE-A8D6-3AE62C7D1943}.Release|Any CPU.ActiveCfg = Release|Any CPU
		{7FDDA3F7-0261-43DE-A8D6-3AE62C7D1943}.Release|Any CPU.Build.0 = Release|Any CPU
		{C5208BE5-0EA4-4232-9752-FBE9CE1393CE}.Debug|Any CPU.ActiveCfg = Debug|Any CPU
		{C5208BE5-0EA4-4232-9752-FBE9CE1393CE}.Debug|Any CPU.Build.0 = Debug|Any CPU
		{C5208BE5-0EA4-4232-9752-FBE9CE1393CE}.Release|Any CPU.ActiveCfg = Release|Any CPU
		{C5208BE5-0EA4-4232-9752-FBE9CE1393CE}.Release|Any CPU.Build.0 = Release|Any CPU
		{464A2376-A208-41B8-A564-5D9A900D8EDB}.Debug|Any CPU.ActiveCfg = Debug|Any CPU
		{464A2376-A208-41B8-A564-5D9A900D8EDB}.Debug|Any CPU.Build.0 = Debug|Any CPU
		{464A2376-A208-41B8-A564-5D9A900D8EDB}.Release|Any CPU.ActiveCfg = Release|Any CPU
		{464A2376-A208-41B8-A564-5D9A900D8EDB}.Release|Any CPU.Build.0 = Release|Any CPU
		{34968C5C-28D6-4D10-A0C9-3C7E27C8EA1E}.Debug|Any CPU.ActiveCfg = Debug|Any CPU
		{34968C5C-28D6-4D10-A0C9-3C7E27C8EA1E}.Debug|Any CPU.Build.0 = Debug|Any CPU
		{34968C5C-28D6-4D10-A0C9-3C7E27C8EA1E}.Release|Any CPU.ActiveCfg = Release|Any CPU
		{34968C5C-28D6-4D10-A0C9-3C7E27C8EA1E}.Release|Any CPU.Build.0 = Release|Any CPU
		{F99E7458-6475-4D5F-83A9-8F4D99E2D514}.Debug|Any CPU.ActiveCfg = Debug|Any CPU
		{F99E7458-6475-4D5F-83A9-8F4D99E2D514}.Debug|Any CPU.Build.0 = Debug|Any CPU
		{F99E7458-6475-4D5F-83A9-8F4D99E2D514}.Release|Any CPU.ActiveCfg = Release|Any CPU
		{F99E7458-6475-4D5F-83A9-8F4D99E2D514}.Release|Any CPU.Build.0 = Release|Any CPU
	EndGlobalSection
	GlobalSection(SolutionProperties) = preSolution
		HideSolutionNode = FALSE
	EndGlobalSection
EndGlobal
